// !$*UTF8*$!
{
	archiveVersion = 1;
	classes = {
	};
	objectVersion = 46;
	objects = {

/* Begin PBXBuildFile section */
		2A123ED71C285A3B00C0D6E4 /* main.m in Sources */ = {isa = PBXBuildFile; fileRef = 2A123ED61C285A3B00C0D6E4 /* main.m */; };
		2A123EDA1C285A3B00C0D6E4 /* AppDelegate.m in Sources */ = {isa = PBXBuildFile; fileRef = 2A123ED91C285A3B00C0D6E4 /* AppDelegate.m */; };
		2A123EE01C285A3B00C0D6E4 /* Main_iPhone.storyboard in Resources */ = {isa = PBXBuildFile; fileRef = 2A123EDE1C285A3B00C0D6E4 /* Main_iPhone.storyboard */; };
		2A123EE21C285A3B00C0D6E4 /* Assets.xcassets in Resources */ = {isa = PBXBuildFile; fileRef = 2A123EE11C285A3B00C0D6E4 /* Assets.xcassets */; };
		2A123EE51C285A3B00C0D6E4 /* LaunchScreen.storyboard in Resources */ = {isa = PBXBuildFile; fileRef = 2A123EE31C285A3B00C0D6E4 /* LaunchScreen.storyboard */; };
		2A123EF01C285A3B00C0D6E4 /* shutterbugTests.m in Sources */ = {isa = PBXBuildFile; fileRef = 2A123EEF1C285A3B00C0D6E4 /* shutterbugTests.m */; };
		2A123EFB1C285A3B00C0D6E4 /* shutterbugUITests.m in Sources */ = {isa = PBXBuildFile; fileRef = 2A123EFA1C285A3B00C0D6E4 /* shutterbugUITests.m */; };
		2A5935811C44F63700E53F03 /* ImageViewController.m in Sources */ = {isa = PBXBuildFile; fileRef = 2A5935801C44F63700E53F03 /* ImageViewController.m */; };
		2A5935C51C4502D800E53F03 /* FlickrFetcher.m in Sources */ = {isa = PBXBuildFile; fileRef = 2A5935C41C4502D800E53F03 /* FlickrFetcher.m */; };
		2A5935C81C451F2400E53F03 /* FlickrPhotoTableViewController.m in Sources */ = {isa = PBXBuildFile; fileRef = 2A5935C71C451F2400E53F03 /* FlickrPhotoTableViewController.m */; };
		2A5935CE1C451FAD00E53F03 /* RecentTableViewController.m in Sources */ = {isa = PBXBuildFile; fileRef = 2A5935CD1C451FAD00E53F03 /* RecentTableViewController.m */; };
		2A5935D21C452E4700E53F03 /* Main_iPad.storyboard in Resources */ = {isa = PBXBuildFile; fileRef = 2A5935D11C452E4700E53F03 /* Main_iPad.storyboard */; };
/* End PBXBuildFile section */

/* Begin PBXContainerItemProxy section */
		2A123EEC1C285A3B00C0D6E4 /* PBXContainerItemProxy */ = {
			isa = PBXContainerItemProxy;
			containerPortal = 2A123ECA1C285A3B00C0D6E4 /* Project object */;
			proxyType = 1;
			remoteGlobalIDString = 2A123ED11C285A3B00C0D6E4;
			remoteInfo = shutterbug;
		};
		2A123EF71C285A3B00C0D6E4 /* PBXContainerItemProxy */ = {
			isa = PBXContainerItemProxy;
			containerPortal = 2A123ECA1C285A3B00C0D6E4 /* Project object */;
			proxyType = 1;
			remoteGlobalIDString = 2A123ED11C285A3B00C0D6E4;
			remoteInfo = shutterbug;
		};
/* End PBXContainerItemProxy section */

/* Begin PBXFileReference section */
		2A123ED21C285A3B00C0D6E4 /* shutterbug.app */ = {isa = PBXFileReference; explicitFileType = wrapper.application; includeInIndex = 0; path = shutterbug.app; sourceTree = BUILT_PRODUCTS_DIR; };
		2A123ED61C285A3B00C0D6E4 /* main.m */ = {isa = PBXFileReference; lastKnownFileType = sourcecode.c.objc; path = main.m; sourceTree = "<group>"; };
		2A123ED81C285A3B00C0D6E4 /* AppDelegate.h */ = {isa = PBXFileReference; lastKnownFileType = sourcecode.c.h; path = AppDelegate.h; sourceTree = "<group>"; };
		2A123ED91C285A3B00C0D6E4 /* AppDelegate.m */ = {isa = PBXFileReference; lastKnownFileType = sourcecode.c.objc; path = AppDelegate.m; sourceTree = "<group>"; };
		2A123EDF1C285A3B00C0D6E4 /* Base */ = {isa = PBXFileReference; lastKnownFileType = file.storyboard; name = Base; path = Base.lproj/Main_iPhone.storyboard; sourceTree = "<group>"; };
		2A123EE11C285A3B00C0D6E4 /* Assets.xcassets */ = {isa = PBXFileReference; lastKnownFileType = folder.assetcatalog; path = Assets.xcassets; sourceTree = "<group>"; };
		2A123EE41C285A3B00C0D6E4 /* Base */ = {isa = PBXFileReference; lastKnownFileType = file.storyboard; name = Base; path = Base.lproj/LaunchScreen.storyboard; sourceTree = "<group>"; };
		2A123EE61C285A3B00C0D6E4 /* Info.plist */ = {isa = PBXFileReference; lastKnownFileType = text.plist.xml; path = Info.plist; sourceTree = "<group>"; };
		2A123EEB1C285A3B00C0D6E4 /* shutterbugTests.xctest */ = {isa = PBXFileReference; explicitFileType = wrapper.cfbundle; includeInIndex = 0; path = shutterbugTests.xctest; sourceTree = BUILT_PRODUCTS_DIR; };
		2A123EEF1C285A3B00C0D6E4 /* shutterbugTests.m */ = {isa = PBXFileReference; lastKnownFileType = sourcecode.c.objc; path = shutterbugTests.m; sourceTree = "<group>"; };
		2A123EF11C285A3B00C0D6E4 /* Info.plist */ = {isa = PBXFileReference; lastKnownFileType = text.plist.xml; path = Info.plist; sourceTree = "<group>"; };
		2A123EF61C285A3B00C0D6E4 /* shutterbugUITests.xctest */ = {isa = PBXFileReference; explicitFileType = wrapper.cfbundle; includeInIndex = 0; path = shutterbugUITests.xctest; sourceTree = BUILT_PRODUCTS_DIR; };
		2A123EFA1C285A3B00C0D6E4 /* shutterbugUITests.m */ = {isa = PBXFileReference; lastKnownFileType = sourcecode.c.objc; path = shutterbugUITests.m; sourceTree = "<group>"; };
		2A123EFC1C285A3B00C0D6E4 /* Info.plist */ = {isa = PBXFileReference; lastKnownFileType = text.plist.xml; path = Info.plist; sourceTree = "<group>"; };
		2A59357F1C44F63700E53F03 /* ImageViewController.h */ = {isa = PBXFileReference; fileEncoding = 4; lastKnownFileType = sourcecode.c.h; path = ImageViewController.h; sourceTree = "<group>"; };
		2A5935801C44F63700E53F03 /* ImageViewController.m */ = {isa = PBXFileReference; fileEncoding = 4; lastKnownFileType = sourcecode.c.objc; path = ImageViewController.m; sourceTree = "<group>"; };
		2A5935C21C4502D800E53F03 /* FlickrAPIKey.h */ = {isa = PBXFileReference; fileEncoding = 4; lastKnownFileType = sourcecode.c.h; path = FlickrAPIKey.h; sourceTree = "<group>"; };
		2A5935C31C4502D800E53F03 /* FlickrFetcher.h */ = {isa = PBXFileReference; fileEncoding = 4; lastKnownFileType = sourcecode.c.h; path = FlickrFetcher.h; sourceTree = "<group>"; };
		2A5935C41C4502D800E53F03 /* FlickrFetcher.m */ = {isa = PBXFileReference; fileEncoding = 4; lastKnownFileType = sourcecode.c.objc; path = FlickrFetcher.m; sourceTree = "<group>"; };
		2A5935C61C451F2400E53F03 /* FlickrPhotoTableViewController.h */ = {isa = PBXFileReference; fileEncoding = 4; lastKnownFileType = sourcecode.c.h; path = FlickrPhotoTableViewController.h; sourceTree = "<group>"; };
		2A5935C71C451F2400E53F03 /* FlickrPhotoTableViewController.m */ = {isa = PBXFileReference; fileEncoding = 4; lastKnownFileType = sourcecode.c.objc; path = FlickrPhotoTableViewController.m; sourceTree = "<group>"; };
		2A5935CC1C451FAD00E53F03 /* RecentTableViewController.h */ = {isa = PBXFileReference; fileEncoding = 4; lastKnownFileType = sourcecode.c.h; path = RecentTableViewController.h; sourceTree = "<group>"; };
		2A5935CD1C451FAD00E53F03 /* RecentTableViewController.m */ = {isa = PBXFileReference; fileEncoding = 4; lastKnownFileType = sourcecode.c.objc; path = RecentTableViewController.m; sourceTree = "<group>"; };
		2A5935D11C452E4700E53F03 /* Main_iPad.storyboard */ = {isa = PBXFileReference; fileEncoding = 4; lastKnownFileType = file.storyboard; path = Main_iPad.storyboard; sourceTree = "<group>"; };
/* End PBXFileReference section */

/* Begin PBXFrameworksBuildPhase section */
		2A123ECF1C285A3B00C0D6E4 /* Frameworks */ = {
			isa = PBXFrameworksBuildPhase;
			buildActionMask = 2147483647;
			files = (
			);
			runOnlyForDeploymentPostprocessing = 0;
		};
		2A123EE81C285A3B00C0D6E4 /* Frameworks */ = {
			isa = PBXFrameworksBuildPhase;
			buildActionMask = 2147483647;
			files = (
			);
			runOnlyForDeploymentPostprocessing = 0;
		};
		2A123EF31C285A3B00C0D6E4 /* Frameworks */ = {
			isa = PBXFrameworksBuildPhase;
			buildActionMask = 2147483647;
			files = (
			);
			runOnlyForDeploymentPostprocessing = 0;
		};
/* End PBXFrameworksBuildPhase section */

/* Begin PBXGroup section */
		2A123EC91C285A3B00C0D6E4 = {
			isa = PBXGroup;
			children = (
				2A123ED41C285A3B00C0D6E4 /* shutterbug */,
				2A123EEE1C285A3B00C0D6E4 /* shutterbugTests */,
				2A123EF91C285A3B00C0D6E4 /* shutterbugUITests */,
				2A123ED31C285A3B00C0D6E4 /* Products */,
			);
			sourceTree = "<group>";
		};
		2A123ED31C285A3B00C0D6E4 /* Products */ = {
			isa = PBXGroup;
			children = (
				2A123ED21C285A3B00C0D6E4 /* shutterbug.app */,
				2A123EEB1C285A3B00C0D6E4 /* shutterbugTests.xctest */,
				2A123EF61C285A3B00C0D6E4 /* shutterbugUITests.xctest */,
			);
			name = Products;
			sourceTree = "<group>";
		};
		2A123ED41C285A3B00C0D6E4 /* shutterbug */ = {
			isa = PBXGroup;
			children = (
				2A5935C11C4502D800E53F03 /* FlickrFetcher */,
				2A123ED81C285A3B00C0D6E4 /* AppDelegate.h */,
				2A123ED91C285A3B00C0D6E4 /* AppDelegate.m */,
				2A59357F1C44F63700E53F03 /* ImageViewController.h */,
				2A5935801C44F63700E53F03 /* ImageViewController.m */,
				2A5935C61C451F2400E53F03 /* FlickrPhotoTableViewController.h */,
				2A5935C71C451F2400E53F03 /* FlickrPhotoTableViewController.m */,
				2A5935CC1C451FAD00E53F03 /* RecentTableViewController.h */,
				2A5935CD1C451FAD00E53F03 /* RecentTableViewController.m */,
				2A123EDE1C285A3B00C0D6E4 /* Main_iPhone.storyboard */,
				2A5935D11C452E4700E53F03 /* Main_iPad.storyboard */,
				2A123EE11C285A3B00C0D6E4 /* Assets.xcassets */,
				2A123EE31C285A3B00C0D6E4 /* LaunchScreen.storyboard */,
				2A123EE61C285A3B00C0D6E4 /* Info.plist */,
				2A123ED51C285A3B00C0D6E4 /* Supporting Files */,
			);
			path = shutterbug;
			sourceTree = "<group>";
		};
		2A123ED51C285A3B00C0D6E4 /* Supporting Files */ = {
			isa = PBXGroup;
			children = (
				2A123ED61C285A3B00C0D6E4 /* main.m */,
			);
			name = "Supporting Files";
			sourceTree = "<group>";
		};
		2A123EEE1C285A3B00C0D6E4 /* shutterbugTests */ = {
			isa = PBXGroup;
			children = (
				2A123EEF1C285A3B00C0D6E4 /* shutterbugTests.m */,
				2A123EF11C285A3B00C0D6E4 /* Info.plist */,
			);
			path = shutterbugTests;
			sourceTree = "<group>";
		};
		2A123EF91C285A3B00C0D6E4 /* shutterbugUITests */ = {
			isa = PBXGroup;
			children = (
				2A123EFA1C285A3B00C0D6E4 /* shutterbugUITests.m */,
				2A123EFC1C285A3B00C0D6E4 /* Info.plist */,
			);
			path = shutterbugUITests;
			sourceTree = "<group>";
		};
		2A5935C11C4502D800E53F03 /* FlickrFetcher */ = {
			isa = PBXGroup;
			children = (
				2A5935C21C4502D800E53F03 /* FlickrAPIKey.h */,
				2A5935C31C4502D800E53F03 /* FlickrFetcher.h */,
				2A5935C41C4502D800E53F03 /* FlickrFetcher.m */,
			);
			path = FlickrFetcher;
			sourceTree = "<group>";
		};
/* End PBXGroup section */

/* Begin PBXNativeTarget section */
		2A123ED11C285A3B00C0D6E4 /* shutterbug */ = {
			isa = PBXNativeTarget;
			buildConfigurationList = 2A123EFF1C285A3B00C0D6E4 /* Build configuration list for PBXNativeTarget "shutterbug" */;
			buildPhases = (
				2A123ECE1C285A3B00C0D6E4 /* Sources */,
				2A123ECF1C285A3B00C0D6E4 /* Frameworks */,
				2A123ED01C285A3B00C0D6E4 /* Resources */,
			);
			buildRules = (
			);
			dependencies = (
			);
			name = shutterbug;
			productName = shutterbug;
			productReference = 2A123ED21C285A3B00C0D6E4 /* shutterbug.app */;
			productType = "com.apple.product-type.application";
		};
		2A123EEA1C285A3B00C0D6E4 /* shutterbugTests */ = {
			isa = PBXNativeTarget;
			buildConfigurationList = 2A123F021C285A3B00C0D6E4 /* Build configuration list for PBXNativeTarget "shutterbugTests" */;
			buildPhases = (
				2A123EE71C285A3B00C0D6E4 /* Sources */,
				2A123EE81C285A3B00C0D6E4 /* Frameworks */,
				2A123EE91C285A3B00C0D6E4 /* Resources */,
			);
			buildRules = (
			);
			dependencies = (
				2A123EED1C285A3B00C0D6E4 /* PBXTargetDependency */,
			);
			name = shutterbugTests;
			productName = shutterbugTests;
			productReference = 2A123EEB1C285A3B00C0D6E4 /* shutterbugTests.xctest */;
			productType = "com.apple.product-type.bundle.unit-test";
		};
		2A123EF51C285A3B00C0D6E4 /* shutterbugUITests */ = {
			isa = PBXNativeTarget;
			buildConfigurationList = 2A123F051C285A3B00C0D6E4 /* Build configuration list for PBXNativeTarget "shutterbugUITests" */;
			buildPhases = (
				2A123EF21C285A3B00C0D6E4 /* Sources */,
				2A123EF31C285A3B00C0D6E4 /* Frameworks */,
				2A123EF41C285A3B00C0D6E4 /* Resources */,
			);
			buildRules = (
			);
			dependencies = (
				2A123EF81C285A3B00C0D6E4 /* PBXTargetDependency */,
			);
			name = shutterbugUITests;
			productName = shutterbugUITests;
			productReference = 2A123EF61C285A3B00C0D6E4 /* shutterbugUITests.xctest */;
			productType = "com.apple.product-type.bundle.ui-testing";
		};
/* End PBXNativeTarget section */

/* Begin PBXProject section */
		2A123ECA1C285A3B00C0D6E4 /* Project object */ = {
			isa = PBXProject;
			attributes = {
				LastUpgradeCheck = 0720;
				ORGANIZATIONNAME = shawjan;
				TargetAttributes = {
					2A123ED11C285A3B00C0D6E4 = {
						CreatedOnToolsVersion = 7.2;
					};
					2A123EEA1C285A3B00C0D6E4 = {
						CreatedOnToolsVersion = 7.2;
						TestTargetID = 2A123ED11C285A3B00C0D6E4;
					};
					2A123EF51C285A3B00C0D6E4 = {
						CreatedOnToolsVersion = 7.2;
						TestTargetID = 2A123ED11C285A3B00C0D6E4;
					};
				};
			};
			buildConfigurationList = 2A123ECD1C285A3B00C0D6E4 /* Build configuration list for PBXProject "shutterbug" */;
			compatibilityVersion = "Xcode 3.2";
			developmentRegion = English;
			hasScannedForEncodings = 0;
			knownRegions = (
				en,
				Base,
			);
			mainGroup = 2A123EC91C285A3B00C0D6E4;
			productRefGroup = 2A123ED31C285A3B00C0D6E4 /* Products */;
			projectDirPath = "";
			projectRoot = "";
			targets = (
				2A123ED11C285A3B00C0D6E4 /* shutterbug */,
				2A123EEA1C285A3B00C0D6E4 /* shutterbugTests */,
				2A123EF51C285A3B00C0D6E4 /* shutterbugUITests */,
			);
		};
/* End PBXProject section */

/* Begin PBXResourcesBuildPhase section */
		2A123ED01C285A3B00C0D6E4 /* Resources */ = {
			isa = PBXResourcesBuildPhase;
			buildActionMask = 2147483647;
			files = (
				2A5935D21C452E4700E53F03 /* Main_iPad.storyboard in Resources */,
				2A123EE51C285A3B00C0D6E4 /* LaunchScreen.storyboard in Resources */,
				2A123EE21C285A3B00C0D6E4 /* Assets.xcassets in Resources */,
				2A123EE01C285A3B00C0D6E4 /* Main_iPhone.storyboard in Resources */,
			);
			runOnlyForDeploymentPostprocessing = 0;
		};
		2A123EE91C285A3B00C0D6E4 /* Resources */ = {
			isa = PBXResourcesBuildPhase;
			buildActionMask = 2147483647;
			files = (
			);
			runOnlyForDeploymentPostprocessing = 0;
		};
		2A123EF41C285A3B00C0D6E4 /* Resources */ = {
			isa = PBXResourcesBuildPhase;
			buildActionMask = 2147483647;
			files = (
			);
			runOnlyForDeploymentPostprocessing = 0;
		};
/* End PBXResourcesBuildPhase section */

/* Begin PBXSourcesBuildPhase section */
		2A123ECE1C285A3B00C0D6E4 /* Sources */ = {
			isa = PBXSourcesBuildPhase;
			buildActionMask = 2147483647;
			files = (
				2A5935C81C451F2400E53F03 /* FlickrPhotoTableViewController.m in Sources */,
				2A5935811C44F63700E53F03 /* ImageViewController.m in Sources */,
				2A5935CE1C451FAD00E53F03 /* RecentTableViewController.m in Sources */,
				2A123EDA1C285A3B00C0D6E4 /* AppDelegate.m in Sources */,
				2A123ED71C285A3B00C0D6E4 /* main.m in Sources */,
				2A5935C51C4502D800E53F03 /* FlickrFetcher.m in Sources */,
			);
			runOnlyForDeploymentPostprocessing = 0;
		};
		2A123EE71C285A3B00C0D6E4 /* Sources */ = {
			isa = PBXSourcesBuildPhase;
			buildActionMask = 2147483647;
			files = (
				2A123EF01C285A3B00C0D6E4 /* shutterbugTests.m in Sources */,
			);
			runOnlyForDeploymentPostprocessing = 0;
		};
		2A123EF21C285A3B00C0D6E4 /* Sources */ = {
			isa = PBXSourcesBuildPhase;
			buildActionMask = 2147483647;
			files = (
				2A123EFB1C285A3B00C0D6E4 /* shutterbugUITests.m in Sources */,
			);
			runOnlyForDeploymentPostprocessing = 0;
		};
/* End PBXSourcesBuildPhase section */

/* Begin PBXTargetDependency section */
		2A123EED1C285A3B00C0D6E4 /* PBXTargetDependency */ = {
			isa = PBXTargetDependency;
			target = 2A123ED11C285A3B00C0D6E4 /* shutterbug */;
			targetProxy = 2A123EEC1C285A3B00C0D6E4 /* PBXContainerItemProxy */;
		};
		2A123EF81C285A3B00C0D6E4 /* PBXTargetDependency */ = {
			isa = PBXTargetDependency;
			target = 2A123ED11C285A3B00C0D6E4 /* shutterbug */;
			targetProxy = 2A123EF71C285A3B00C0D6E4 /* PBXContainerItemProxy */;
		};
/* End PBXTargetDependency section */

/* Begin PBXVariantGroup section */
		2A123EDE1C285A3B00C0D6E4 /* Main_iPhone.storyboard */ = {
			isa = PBXVariantGroup;
			children = (
				2A123EDF1C285A3B00C0D6E4 /* Base */,
			);
			name = Main_iPhone.storyboard;
			sourceTree = "<group>";
		};
		2A123EE31C285A3B00C0D6E4 /* LaunchScreen.storyboard */ = {
			isa = PBXVariantGroup;
			children = (
				2A123EE41C285A3B00C0D6E4 /* Base */,
			);
			name = LaunchScreen.storyboard;
			sourceTree = "<group>";
		};
/* End PBXVariantGroup section */

/* Begin XCBuildConfiguration section */
		2A123EFD1C285A3B00C0D6E4 /* Debug */ = {
			isa = XCBuildConfiguration;
			buildSettings = {
				ALWAYS_SEARCH_USER_PATHS = NO;
				CLANG_CXX_LANGUAGE_STANDARD = "gnu++0x";
				CLANG_CXX_LIBRARY = "libc++";
				CLANG_ENABLE_MODULES = YES;
				CLANG_ENABLE_OBJC_ARC = YES;
				CLANG_WARN_BOOL_CONVERSION = YES;
				CLANG_WARN_CONSTANT_CONVERSION = YES;
				CLANG_WARN_DIRECT_OBJC_ISA_USAGE = YES_ERROR;
				CLANG_WARN_EMPTY_BODY = YES;
				CLANG_WARN_ENUM_CONVERSION = YES;
				CLANG_WARN_INT_CONVERSION = YES;
				CLANG_WARN_OBJC_ROOT_CLASS = YES_ERROR;
				CLANG_WARN_UNREACHABLE_CODE = YES;
				CLANG_WARN__DUPLICATE_METHOD_MATCH = YES;
				"CODE_SIGN_IDENTITY[sdk=iphoneos*]" = "iPhone Developer";
				COPY_PHASE_STRIP = NO;
				DEBUG_INFORMATION_FORMAT = dwarf;
				ENABLE_STRICT_OBJC_MSGSEND = YES;
				ENABLE_TESTABILITY = YES;
				GCC_C_LANGUAGE_STANDARD = gnu99;
				GCC_DYNAMIC_NO_PIC = NO;
				GCC_NO_COMMON_BLOCKS = YES;
				GCC_OPTIMIZATION_LEVEL = 0;
				GCC_PREPROCESSOR_DEFINITIONS = (
					"DEBUG=1",
					"$(inherited)",
				);
				GCC_WARN_64_TO_32_BIT_CONVERSION = YES;
				GCC_WARN_ABOUT_RETURN_TYPE = YES_ERROR;
				GCC_WARN_UNDECLARED_SELECTOR = YES;
				GCC_WARN_UNINITIALIZED_AUTOS = YES_AGGRESSIVE;
				GCC_WARN_UNUSED_FUNCTION = YES;
				GCC_WARN_UNUSED_VARIABLE = YES;
				IPHONEOS_DEPLOYMENT_TARGET = 9.2;
				MTL_ENABLE_DEBUG_INFO = YES;
				ONLY_ACTIVE_ARCH = YES;
				SDKROOT = iphoneos;
				TARGETED_DEVICE_FAMILY = "1,2";
			};
			name = Debug;
		};
		2A123EFE1C285A3B00C0D6E4 /* Release */ = {
			isa = XCBuildConfiguration;
			buildSettings = {
				ALWAYS_SEARCH_USER_PATHS = NO;
				CLANG_CXX_LANGUAGE_STANDARD = "gnu++0x";
				CLANG_CXX_LIBRARY = "libc++";
				CLANG_ENABLE_MODULES = YES;
				CLANG_ENABLE_OBJC_ARC = YES;
				CLANG_WARN_BOOL_CONVERSION = YES;
				CLANG_WARN_CONSTANT_CONVERSION = YES;
				CLANG_WARN_DIRECT_OBJC_ISA_USAGE = YES_ERROR;
				CLANG_WARN_EMPTY_BODY = YES;
				CLANG_WARN_ENUM_CONVERSION = YES;
				CLANG_WARN_INT_CONVERSION = YES;
				CLANG_WARN_OBJC_ROOT_CLASS = YES_ERROR;
				CLANG_WARN_UNREACHABLE_CODE = YES;
				CLANG_WARN__DUPLICATE_METHOD_MATCH = YES;
				"CODE_SIGN_IDENTITY[sdk=iphoneos*]" = "iPhone Developer";
				COPY_PHASE_STRIP = NO;
				DEBUG_INFORMATION_FORMAT = "dwarf-with-dsym";
				ENABLE_NS_ASSERTIONS = NO;
				ENABLE_STRICT_OBJC_MSGSEND = YES;
				GCC_C_LANGUAGE_STANDARD = gnu99;
				GCC_NO_COMMON_BLOCKS = YES;
				GCC_WARN_64_TO_32_BIT_CONVERSION = YES;
				GCC_WARN_ABOUT_RETURN_TYPE = YES_ERROR;
				GCC_WARN_UNDECLARED_SELECTOR = YES;
				GCC_WARN_UNINITIALIZED_AUTOS = YES_AGGRESSIVE;
				GCC_WARN_UNUSED_FUNCTION = YES;
				GCC_WARN_UNUSED_VARIABLE = YES;
				IPHONEOS_DEPLOYMENT_TARGET = 9.2;
				MTL_ENABLE_DEBUG_INFO = NO;
				SDKROOT = iphoneos;
				TARGETED_DEVICE_FAMILY = "1,2";
				VALIDATE_PRODUCT = YES;
			};
			name = Release;
		};
		2A123F001C285A3B00C0D6E4 /* Debug */ = {
			isa = XCBuildConfiguration;
			buildSettings = {
				ASSETCATALOG_COMPILER_APPICON_NAME = AppIcon;
				CODE_SIGN_IDENTITY = "iPhone Developer: Wei Feng Hou (X4XM2T4X6D)";
				INFOPLIST_FILE = shutterbug/Info.plist;
				IPHONEOS_DEPLOYMENT_TARGET = 8.1;
				LD_RUNPATH_SEARCH_PATHS = "$(inherited) @executable_path/Frameworks";
				PRODUCT_BUNDLE_IDENTIFIER = com.shawjan.fore.shutterbug;
				PRODUCT_NAME = "$(TARGET_NAME)";
			};
			name = Debug;
		};
		2A123F011C285A3B00C0D6E4 /* Release */ = {
			isa = XCBuildConfiguration;
			buildSettings = {
				ASSETCATALOG_COMPILER_APPICON_NAME = AppIcon;
				CODE_SIGN_IDENTITY = "iPhone Developer: Wei Feng Hou (X4XM2T4X6D)";
				INFOPLIST_FILE = shutterbug/Info.plist;
				IPHONEOS_DEPLOYMENT_TARGET = 8.1;
				LD_RUNPATH_SEARCH_PATHS = "$(inherited) @executable_path/Frameworks";
				PRODUCT_BUNDLE_IDENTIFIER = com.shawjan.fore.shutterbug;
				PRODUCT_NAME = "$(TARGET_NAME)";
			};
			name = Release;
		};
		2A123F031C285A3B00C0D6E4 /* Debug */ = {
			isa = XCBuildConfiguration;
			buildSettings = {
				BUNDLE_LOADER = "$(TEST_HOST)";
				INFOPLIST_FILE = shutterbugTests/Info.plist;
				LD_RUNPATH_SEARCH_PATHS = "$(inherited) @executable_path/Frameworks @loader_path/Frameworks";
				PRODUCT_BUNDLE_IDENTIFIER = com.shawjan.fore.shutterbugTests;
				PRODUCT_NAME = "$(TARGET_NAME)";
				TEST_HOST = "$(BUILT_PRODUCTS_DIR)/shutterbug.app/shutterbug";
			};
			name = Debug;
		};
		2A123F041C285A3B00C0D6E4 /* Release */ = {
			isa = XCBuildConfiguration;
			buildSettings = {
				BUNDLE_LOADER = "$(TEST_HOST)";
				INFOPLIST_FILE = shutterbugTests/Info.plist;
				LD_RUNPATH_SEARCH_PATHS = "$(inherited) @executable_path/Frameworks @loader_path/Frameworks";
				PRODUCT_BUNDLE_IDENTIFIER = com.shawjan.fore.shutterbugTests;
				PRODUCT_NAME = "$(TARGET_NAME)";
				TEST_HOST = "$(BUILT_PRODUCTS_DIR)/shutterbug.app/shutterbug";
			};
			name = Release;
		};
		2A123F061C285A3B00C0D6E4 /* Debug */ = {
			isa = XCBuildConfiguration;
			buildSettings = {
				INFOPLIST_FILE = shutterbugUITests/Info.plist;
				LD_RUNPATH_SEARCH_PATHS = "$(inherited) @executable_path/Frameworks @loader_path/Frameworks";
				PRODUCT_BUNDLE_IDENTIFIER = com.shawjan.fore.shutterbugUITests;
				PRODUCT_NAME = "$(TARGET_NAME)";
				TEST_TARGET_NAME = shutterbug;
				USES_XCTRUNNER = YES;
			};
			name = Debug;
		};
		2A123F071C285A3B00C0D6E4 /* Release */ = {
			isa = XCBuildConfiguration;
			buildSettings = {
				INFOPLIST_FILE = shutterbugUITests/Info.plist;
				LD_RUNPATH_SEARCH_PATHS = "$(inherited) @executable_path/Frameworks @loader_path/Frameworks";
				PRODUCT_BUNDLE_IDENTIFIER = com.shawjan.fore.shutterbugUITests;
				PRODUCT_NAME = "$(TARGET_NAME)";
				TEST_TARGET_NAME = shutterbug;
				USES_XCTRUNNER = YES;
			};
			name = Release;
		};
/* End XCBuildConfiguration section */

/* Begin XCConfigurationList section */
		2A123ECD1C285A3B00C0D6E4 /* Build configuration list for PBXProject "shutterbug" */ = {
			isa = XCConfigurationList;
			buildConfigurations = (
				2A123EFD1C285A3B00C0D6E4 /* Debug */,
				2A123EFE1C285A3B00C0D6E4 /* Release */,
			);
			defaultConfigurationIsVisible = 0;
			defaultConfigurationName = Release;
		};
		2A123EFF1C285A3B00C0D6E4 /* Build configuration list for PBXNativeTarget "shutterbug" */ = {
			isa = XCConfigurationList;
			buildConfigurations = (
				2A123F001C285A3B00C0D6E4 /* Debug */,
				2A123F011C285A3B00C0D6E4 /* Release */,
			);
			defaultConfigurationIsVisible = 0;
			defaultConfigurationName = Release;
		};
		2A123F021C285A3B00C0D6E4 /* Build configuration list for PBXNativeTarget "shutterbugTests" */ = {
			isa = XCConfigurationList;
			buildConfigurations = (
				2A123F031C285A3B00C0D6E4 /* Debug */,
				2A123F041C285A3B00C0D6E4 /* Release */,
			);
			defaultConfigurationIsVisible = 0;
			defaultConfigurationName = Release;
		};
		2A123F051C285A3B00C0D6E4 /* Build configuration list for PBXNativeTarget "shutterbugUITests" */ = {
			isa = XCConfigurationList;
			buildConfigurations = (
				2A123F061C285A3B00C0D6E4 /* Debug */,
				2A123F071C285A3B00C0D6E4 /* Release */,
			);
			defaultConfigurationIsVisible = 0;
			defaultConfigurationName = Release;
		};
/* End XCConfigurationList section */
	};
	rootObject = 2A123ECA1C285A3B00C0D6E4 /* Project object */;
}
